
Microsoft Visual Studio Solution File, Format Version 12.00
# Visual Studio Version 17
VisualStudioVersion = 17.14.36511.14 d17.14
MinimumVisualStudioVersion = 10.0.40219.1
Project("{FAE04EC0-301F-11D3-BF4B-00C04F79EFBC}") = "AuthService", "AuthService\AuthService.csproj", "{3F9199BF-2BC3-4495-971A-B32FE5A2519C}"
EndProject
Global
	GlobalSection(SolutionConfigurationPlatforms) = preSolution
		Debug|Any CPU = Debug|Any CPU
		Release|Any CPU = Release|Any CPU
	EndGlobalSection
	GlobalSection(ProjectConfigurationPlatforms) = postSolution
		{3F9199BF-2BC3-4495-971A-B32FE5A2519C}.Debug|Any CPU.ActiveCfg = Debug|Any CPU
		{3F9199BF-2BC3-4495-971A-B32FE5A2519C}.Debug|Any CPU.Build.0 = Debug|Any CPU
		{3F9199BF-2BC3-4495-971A-B32FE5A2519C}.Release|Any CPU.ActiveCfg = Release|Any CPU
		{3F9199BF-2BC3-4495-971A-B32FE5A2519C}.Release|Any CPU.Build.0 = Release|Any CPU
	EndGlobalSection
	GlobalSection(SolutionProperties) = preSolution
		HideSolutionNode = FALSE
	EndGlobalSection
	GlobalSection(ExtensibilityGlobals) = postSolution
		SolutionGuid = {05884350-C8B4-4E69-A0A1-C98C28D10BC4}
	EndGlobalSection
EndGlobal
